
Microsoft Visual Studio Solution File, Format Version 12.00
# Visual Studio Version 16
VisualStudioVersion = 16.0.30711.63
MinimumVisualStudioVersion = 10.0.40219.1
Project("{FAE04EC0-301F-11D3-BF4B-00C04F79EFBC}") = "FileSearch", "FileSearch\FileSearch.csproj", "{4E746455-7948-4E82-A51B-98BF064EE3E9}"
EndProject
Global
	GlobalSection(SolutionConfigurationPlatforms) = preSolution
		Debug|Any CPU = Debug|Any CPU
		Release|Any CPU = Release|Any CPU
	EndGlobalSection
	GlobalSection(ProjectConfigurationPlatforms) = postSolution
		{4E746455-7948-4E82-A51B-98BF064EE3E9}.Debug|Any CPU.ActiveCfg = Debug|Any CPU
		{4E746455-7948-4E82-A51B-98BF064EE3E9}.Debug|Any CPU.Build.0 = Debug|Any CPU
		{4E746455-7948-4E82-A51B-98BF064EE3E9}.Release|Any CPU.ActiveCfg = Release|Any CPU
		{4E746455-7948-4E82-A51B-98BF064EE3E9}.Release|Any CPU.Build.0 = Release|Any CPU
	EndGlobalSection
	GlobalSection(SolutionProperties) = preSolution
		HideSolutionNode = FALSE
	EndGlobalSection
	GlobalSection(ExtensibilityGlobals) = postSolution
		SolutionGuid = {6F47BCBB-8180-4795-A500-13E3513D5BF6}
	EndGlobalSection
EndGlobal
